Microsoft Visual Studio Solution File, Format Version 12.00
# Visual Studio Version 17
VisualStudioVersion = 17.0.31903.59
MinimumVisualStudioVersion = 10.0.40219.1
Project("{8BC9CEB8-8B4A-11D0-8D11-00A0C91BC942}") = "SmartZipModern", "SmartZipModern.vcxproj", "{59A695DB-0899-4119-90C3-D0F906F2E925}"
EndProject
Global
 GlobalSection(SolutionConfigurationPlatforms) = preSolution
  Release|x64 = Release|x64
 EndGlobalSection
 GlobalSection(ProjectConfigurationPlatforms) = postSolution
  {59A695DB-0899-4119-90C3-D0F906F2E925}.Release|x64.ActiveCfg = Release|x64
  {59A695DB-0899-4119-90C3-D0F906F2E925}.Release|x64.Build.0 = Release|x64
 EndGlobalSection
EndGlobal
